
Microsoft Visual Studio Solution File, Format Version 12.00
# Visual Studio 15
VisualStudioVersion = 15.0.26430.6
MinimumVisualStudioVersion = 10.0.40219.1
Project("{9092AA53-FB77-4645-B42D-1CCCA6BD08BD}") = "helloSoftUni", "helloSoftUni\helloSoftUni.njsproj", "{BAC6A485-DB70-4A22-9AC8-1D3CC513B6B9}"
EndProject
Project("{9092AA53-FB77-4645-B42D-1CCCA6BD08BD}") = "solveExpression", "solveExpression\solveExpression.njsproj", "{97E6FDB9-D915-4DA4-8865-ABCDE4CBABD1}"
EndProject
Global
	GlobalSection(SolutionConfigurationPlatforms) = preSolution
		Debug|Any CPU = Debug|Any CPU
		Release|Any CPU = Release|Any CPU
	EndGlobalSection
	GlobalSection(ProjectConfigurationPlatforms) = postSolution
		{BAC6A485-DB70-4A22-9AC8-1D3CC513B6B9}.Debug|Any CPU.ActiveCfg = Debug|Any CPU
		{BAC6A485-DB70-4A22-9AC8-1D3CC513B6B9}.Debug|Any CPU.Build.0 = Debug|Any CPU
		{BAC6A485-DB70-4A22-9AC8-1D3CC513B6B9}.Release|Any CPU.ActiveCfg = Release|Any CPU
		{BAC6A485-DB70-4A22-9AC8-1D3CC513B6B9}.Release|Any CPU.Build.0 = Release|Any CPU
		{97E6FDB9-D915-4DA4-8865-ABCDE4CBABD1}.Debug|Any CPU.ActiveCfg = Debug|Any CPU
		{97E6FDB9-D915-4DA4-8865-ABCDE4CBABD1}.Debug|Any CPU.Build.0 = Debug|Any CPU
		{97E6FDB9-D915-4DA4-8865-ABCDE4CBABD1}.Release|Any CPU.ActiveCfg = Release|Any CPU
		{97E6FDB9-D915-4DA4-8865-ABCDE4CBABD1}.Release|Any CPU.Build.0 = Release|Any CPU
	EndGlobalSection
	GlobalSection(SolutionProperties) = preSolution
		HideSolutionNode = FALSE
	EndGlobalSection
EndGlobal
